
Microsoft Visual Studio Solution File, Format Version 11.00
# Visual Studio 2010
Project("{FAE04EC0-301F-11D3-BF4B-00C04F79EFBC}") = "Assembly-CSharp", "Assembly-CSharp.csproj", "{C86752C8-EC73-3646-9475-DDA0748BDEAF}"
EndProject
Project("{FAE04EC0-301F-11D3-BF4B-00C04F79EFBC}") = "Assembly-CSharp-Editor", "Assembly-CSharp-Editor.csproj", "{94FE5410-F575-9E42-1DB3-7A8235185D47}"
EndProject
Project("{FAE04EC0-301F-11D3-BF4B-00C04F79EFBC}") = "Assembly-CSharp-Editor-firstpass", "Assembly-CSharp-Editor-firstpass.csproj", "{1E55366E-8FA7-746B-09C6-F682A2199865}"
EndProject
Global
	GlobalSection(SolutionConfigurationPlatforms) = preSolution
		Debug|Any CPU = Debug|Any CPU
		Release|Any CPU = Release|Any CPU
	EndGlobalSection
	GlobalSection(ProjectConfigurationPlatforms) = postSolution
		{C86752C8-EC73-3646-9475-DDA0748BDEAF}.Debug|Any CPU.ActiveCfg = Debug|Any CPU
		{C86752C8-EC73-3646-9475-DDA0748BDEAF}.Debug|Any CPU.Build.0 = Debug|Any CPU
		{C86752C8-EC73-3646-9475-DDA0748BDEAF}.Release|Any CPU.ActiveCfg = Release|Any CPU
		{C86752C8-EC73-3646-9475-DDA0748BDEAF}.Release|Any CPU.Build.0 = Release|Any CPU
		{94FE5410-F575-9E42-1DB3-7A8235185D47}.Debug|Any CPU.ActiveCfg = Debug|Any CPU
		{94FE5410-F575-9E42-1DB3-7A8235185D47}.Debug|Any CPU.Build.0 = Debug|Any CPU
		{94FE5410-F575-9E42-1DB3-7A8235185D47}.Release|Any CPU.ActiveCfg = Release|Any CPU
		{94FE5410-F575-9E42-1DB3-7A8235185D47}.Release|Any CPU.Build.0 = Release|Any CPU
		{1E55366E-8FA7-746B-09C6-F682A2199865}.Debug|Any CPU.ActiveCfg = Debug|Any CPU
		{1E55366E-8FA7-746B-09C6-F682A2199865}.Debug|Any CPU.Build.0 = Debug|Any CPU
		{1E55366E-8FA7-746B-09C6-F682A2199865}.Release|Any CPU.ActiveCfg = Release|Any CPU
		{1E55366E-8FA7-746B-09C6-F682A2199865}.Release|Any CPU.Build.0 = Release|Any CPU
	EndGlobalSection
	GlobalSection(SolutionProperties) = preSolution
		HideSolutionNode = FALSE
	EndGlobalSection
EndGlobal
