
Microsoft Visual Studio Solution File, Format Version 12.00
# Visual Studio 15
Project("{FAE04EC0-301F-11D3-BF4B-00C04F79EFBC}") = "Assembly-CSharp", "Assembly-CSharp.csproj", "{C4874F4A-0178-38EA-AC66-0510BC918B5B}"
EndProject
Project("{FAE04EC0-301F-11D3-BF4B-00C04F79EFBC}") = "Assembly-CSharp-Editor-firstpass", "Assembly-CSharp-Editor-firstpass.csproj", "{B8F23070-F3A5-6C3B-897F-121FDBFE47C8}"
EndProject
Project("{FAE04EC0-301F-11D3-BF4B-00C04F79EFBC}") = "Assembly-CSharp-Editor", "Assembly-CSharp-Editor.csproj", "{1A65C558-75C5-E941-6CD9-36F3002A9FB7}"
EndProject
Global
	GlobalSection(SolutionConfigurationPlatforms) = preSolution
		Debug|Any CPU = Debug|Any CPU
		Release|Any CPU = Release|Any CPU
	EndGlobalSection
	GlobalSection(ProjectConfigurationPlatforms) = postSolution
		{C4874F4A-0178-38EA-AC66-0510BC918B5B}.Debug|Any CPU.ActiveCfg = Debug|Any CPU
		{C4874F4A-0178-38EA-AC66-0510BC918B5B}.Debug|Any CPU.Build.0 = Debug|Any CPU
		{C4874F4A-0178-38EA-AC66-0510BC918B5B}.Release|Any CPU.ActiveCfg = Release|Any CPU
		{C4874F4A-0178-38EA-AC66-0510BC918B5B}.Release|Any CPU.Build.0 = Release|Any CPU
		{B8F23070-F3A5-6C3B-897F-121FDBFE47C8}.Debug|Any CPU.ActiveCfg = Debug|Any CPU
		{B8F23070-F3A5-6C3B-897F-121FDBFE47C8}.Debug|Any CPU.Build.0 = Debug|Any CPU
		{B8F23070-F3A5-6C3B-897F-121FDBFE47C8}.Release|Any CPU.ActiveCfg = Release|Any CPU
		{B8F23070-F3A5-6C3B-897F-121FDBFE47C8}.Release|Any CPU.Build.0 = Release|Any CPU
		{1A65C558-75C5-E941-6CD9-36F3002A9FB7}.Debug|Any CPU.ActiveCfg = Debug|Any CPU
		{1A65C558-75C5-E941-6CD9-36F3002A9FB7}.Debug|Any CPU.Build.0 = Debug|Any CPU
		{1A65C558-75C5-E941-6CD9-36F3002A9FB7}.Release|Any CPU.ActiveCfg = Release|Any CPU
		{1A65C558-75C5-E941-6CD9-36F3002A9FB7}.Release|Any CPU.Build.0 = Release|Any CPU
	EndGlobalSection
	GlobalSection(SolutionProperties) = preSolution
		HideSolutionNode = FALSE
	EndGlobalSection
EndGlobal
